// !$*UTF8*$!
{
	archiveVersion = 1;
	classes = {
	};
	objectVersion = 77;
	objects = {

/* Begin PBXBuildFile section */
		1F83D5BF19E4C6536EB90865 /* Conversation.swift in Sources */ = {isa = PBXBuildFile; fileRef = 8C85B3E2D583A0D8F5A81FD8 /* Conversation.swift */; };
		59F3796ABB41D27C0A778C85 /* Assets.xcassets in Resources */ = {isa = PBXBuildFile; fileRef = AEB1EC2C2ED94D4B1BBEA0E4 /* Assets.xcassets */; };
		5FE49FB566AE98F5A42BFA58 /* ContentView.swift in Sources */ = {isa = PBXBuildFile; fileRef = FB96B5A56D195416321C3A7A /* ContentView.swift */; };
		62A9A81D9B906441ED609369 /* ConversationDetailView.swift in Sources */ = {isa = PBXBuildFile; fileRef = 102727A1FAF793D9C5A9C81F /* ConversationDetailView.swift */; };
		6ED028CE7B12EF6BA074C593 /* ConversationViewModel.swift in Sources */ = {isa = PBXBuildFile; fileRef = 701A55379EEF107A54935A4D /* ConversationViewModel.swift */; };
		8000C6494CD450759B658BCC /* DeviceSetupView.swift in Sources */ = {isa = PBXBuildFile; fileRef = 611A40B45C3363778FBB67C6 /* DeviceSetupView.swift */; };
		8D72BA59D0794909379F30FE /* CloudMicApp.swift in Sources */ = {isa = PBXBuildFile; fileRef = 97CFE20246E64E028D07A80A /* CloudMicApp.swift */; };
		F87CFA43AC19CE3F96DD2F3A /* ChatMessage.swift in Sources */ = {isa = PBXBuildFile; fileRef = 08C930EF2B301C6C67479FB8 /* ChatMessage.swift */; };
/* End PBXBuildFile section */

/* Begin PBXFileReference section */
		08C930EF2B301C6C67479FB8 /* ChatMessage.swift */ = {isa = PBXFileReference; lastKnownFileType = sourcecode.swift; path = ChatMessage.swift; sourceTree = "<group>"; };
		102727A1FAF793D9C5A9C81F /* ConversationDetailView.swift */ = {isa = PBXFileReference; lastKnownFileType = sourcecode.swift; path = ConversationDetailView.swift; sourceTree = "<group>"; };
		611A40B45C3363778FBB67C6 /* DeviceSetupView.swift */ = {isa = PBXFileReference; lastKnownFileType = sourcecode.swift; path = DeviceSetupView.swift; sourceTree = "<group>"; };
		701A55379EEF107A54935A4D /* ConversationViewModel.swift */ = {isa = PBXFileReference; lastKnownFileType = sourcecode.swift; path = ConversationViewModel.swift; sourceTree = "<group>"; };
		8C85B3E2D583A0D8F5A81FD8 /* Conversation.swift */ = {isa = PBXFileReference; lastKnownFileType = sourcecode.swift; path = Conversation.swift; sourceTree = "<group>"; };
		97CFE20246E64E028D07A80A /* CloudMicApp.swift */ = {isa = PBXFileReference; lastKnownFileType = sourcecode.swift; path = CloudMicApp.swift; sourceTree = "<group>"; };
		AEB1EC2C2ED94D4B1BBEA0E4 /* Assets.xcassets */ = {isa = PBXFileReference; lastKnownFileType = folder.assetcatalog; path = Assets.xcassets; sourceTree = "<group>"; };
		CF260F59FA5C57714AD7BA37 /* CloudMicApp.app */ = {isa = PBXFileReference; explicitFileType = wrapper.application; includeInIndex = 0; path = CloudMicApp.app; sourceTree = BUILT_PRODUCTS_DIR; };
		FB96B5A56D195416321C3A7A /* ContentView.swift */ = {isa = PBXFileReference; lastKnownFileType = sourcecode.swift; path = ContentView.swift; sourceTree = "<group>"; };
/* End PBXFileReference section */

/* Begin PBXGroup section */
		0710946FA7CDC65DF057D756 /* ViewModels */ = {
			isa = PBXGroup;
			children = (
				701A55379EEF107A54935A4D /* ConversationViewModel.swift */,
			);
			path = ViewModels;
			sourceTree = "<group>";
		};
		0B2FAD62C773DE9F70AD711C /* Products */ = {
			isa = PBXGroup;
			children = (
				CF260F59FA5C57714AD7BA37 /* CloudMicApp.app */,
			);
			name = Products;
			sourceTree = "<group>";
		};
		3118E04CB0B1842FA17C45B4 /* Models */ = {
			isa = PBXGroup;
			children = (
				08C930EF2B301C6C67479FB8 /* ChatMessage.swift */,
				8C85B3E2D583A0D8F5A81FD8 /* Conversation.swift */,
			);
			path = Models;
			sourceTree = "<group>";
		};
		62038038CF5AC49EB12D23DD /* CloudMicApp */ = {
			isa = PBXGroup;
			children = (
				AEB1EC2C2ED94D4B1BBEA0E4 /* Assets.xcassets */,
				97CFE20246E64E028D07A80A /* CloudMicApp.swift */,
				3118E04CB0B1842FA17C45B4 /* Models */,
				0710946FA7CDC65DF057D756 /* ViewModels */,
				F800440463B8CD082AD38116 /* Views */,
			);
			path = CloudMicApp;
			sourceTree = "<group>";
		};
		E9BBEF03824BF999A02E47ED = {
			isa = PBXGroup;
			children = (
				62038038CF5AC49EB12D23DD /* CloudMicApp */,
				0B2FAD62C773DE9F70AD711C /* Products */,
			);
			sourceTree = "<group>";
		};
		F800440463B8CD082AD38116 /* Views */ = {
			isa = PBXGroup;
			children = (
				FB96B5A56D195416321C3A7A /* ContentView.swift */,
				102727A1FAF793D9C5A9C81F /* ConversationDetailView.swift */,
				611A40B45C3363778FBB67C6 /* DeviceSetupView.swift */,
			);
			path = Views;
			sourceTree = "<group>";
		};
/* End PBXGroup section */

/* Begin PBXNativeTarget section */
		7EEEE69F03CD1D68E6B22700 /* CloudMicApp */ = {
			isa = PBXNativeTarget;
			buildConfigurationList = 6208272590D1FC1537F9C022 /* Build configuration list for PBXNativeTarget "CloudMicApp" */;
			buildPhases = (
				7C32EEDB39044036CD5D32D1 /* Sources */,
				A99D81DC9DC852CA6B691734 /* Resources */,
			);
			buildRules = (
			);
			dependencies = (
			);
			name = CloudMicApp;
			packageProductDependencies = (
			);
			productName = CloudMicApp;
			productReference = CF260F59FA5C57714AD7BA37 /* CloudMicApp.app */;
			productType = "com.apple.product-type.application";
		};
/* End PBXNativeTarget section */

/* Begin PBXProject section */
		FEFC91D644E03C342485FC6C /* Project object */ = {
			isa = PBXProject;
			attributes = {
				BuildIndependentTargetsInParallel = YES;
				LastUpgradeCheck = 1430;
			};
			buildConfigurationList = 8118FEFD157C036CB18B35B6 /* Build configuration list for PBXProject "CloudMicApp" */;
			developmentRegion = en;
			hasScannedForEncodings = 0;
			knownRegions = (
				Base,
				en,
			);
			mainGroup = E9BBEF03824BF999A02E47ED;
			minimizedProjectReferenceProxies = 1;
			preferredProjectObjectVersion = 77;
			productRefGroup = 0B2FAD62C773DE9F70AD711C /* Products */;
			projectDirPath = "";
			projectRoot = "";
			targets = (
				7EEEE69F03CD1D68E6B22700 /* CloudMicApp */,
			);
		};
/* End PBXProject section */

/* Begin PBXResourcesBuildPhase section */
		A99D81DC9DC852CA6B691734 /* Resources */ = {
			isa = PBXResourcesBuildPhase;
			buildActionMask = 2147483647;
			files = (
				59F3796ABB41D27C0A778C85 /* Assets.xcassets in Resources */,
			);
			runOnlyForDeploymentPostprocessing = 0;
		};
/* End PBXResourcesBuildPhase section */

/* Begin PBXSourcesBuildPhase section */
		7C32EEDB39044036CD5D32D1 /* Sources */ = {
			isa = PBXSourcesBuildPhase;
			buildActionMask = 2147483647;
			files = (
				F87CFA43AC19CE3F96DD2F3A /* ChatMessage.swift in Sources */,
				8D72BA59D0794909379F30FE /* CloudMicApp.swift in Sources */,
				5FE49FB566AE98F5A42BFA58 /* ContentView.swift in Sources */,
				1F83D5BF19E4C6536EB90865 /* Conversation.swift in Sources */,
				62A9A81D9B906441ED609369 /* ConversationDetailView.swift in Sources */,
				6ED028CE7B12EF6BA074C593 /* ConversationViewModel.swift in Sources */,
				8000C6494CD450759B658BCC /* DeviceSetupView.swift in Sources */,
			);
			runOnlyForDeploymentPostprocessing = 0;
		};
/* End PBXSourcesBuildPhase section */

/* Begin XCBuildConfiguration section */
		291B009CC8A19C39E6B22D33 /* Debug */ = {
			isa = XCBuildConfiguration;
			buildSettings = {
				ASSETCATALOG_COMPILER_APPICON_NAME = AppIcon;
				CODE_SIGN_IDENTITY = "iPhone Developer";
				CURRENT_PROJECT_VERSION = 1;
				DEVELOPMENT_TEAM = C3XPALB6XN;
				GENERATE_INFOPLIST_FILE = YES;
				INFOPLIST_KEY_UILaunchScreen_Generation = YES;
				IPHONEOS_DEPLOYMENT_TARGET = 16.0;
				LD_RUNPATH_SEARCH_PATHS = (
					"$(inherited)",
					"@executable_path/Frameworks",
				);
				MARKETING_VERSION = 1.0.0;
				PRODUCT_BUNDLE_IDENTIFIER = com.antigravity.CloudMicApp;
				SDKROOT = iphoneos;
				SWIFT_VERSION = 5.7;
				TARGETED_DEVICE_FAMILY = 1;
			};
			name = Debug;
		};
		62900F4EDE55391347527F27 /* Debug */ = {
			isa = XCBuildConfiguration;
			buildSettings = {
				ALWAYS_SEARCH_USER_PATHS = NO;
				CLANG_ANALYZER_NONNULL = YES;
				CLANG_ANALYZER_NUMBER_OBJECT_CONVERSION = YES_AGGRESSIVE;
				CLANG_CXX_LANGUAGE_STANDARD = "gnu++14";
				CLANG_CXX_LIBRARY = "libc++";
				CLANG_ENABLE_MODULES = YES;
				CLANG_ENABLE_OBJC_ARC = YES;
				CLANG_ENABLE_OBJC_WEAK = YES;
				CLANG_WARN_BLOCK_CAPTURE_AUTORELEASING = YES;
				CLANG_WARN_BOOL_CONVERSION = YES;
				CLANG_WARN_COMMA = YES;
				CLANG_WARN_CONSTANT_CONVERSION = YES;
				CLANG_WARN_DEPRECATED_OBJC_IMPLEMENTATIONS = YES;
				CLANG_WARN_DIRECT_OBJC_ISA_USAGE = YES_ERROR;
				CLANG_WARN_DOCUMENTATION_COMMENTS = YES;
				CLANG_WARN_EMPTY_BODY = YES;
				CLANG_WARN_ENUM_CONVERSION = YES;
				CLANG_WARN_INFINITE_RECURSION = YES;
				CLANG_WARN_INT_CONVERSION = YES;
				CLANG_WARN_NON_LITERAL_NULL_CONVERSION = YES;
				CLANG_WARN_OBJC_IMPLICIT_RETAIN_SELF = YES;
				CLANG_WARN_OBJC_LITERAL_CONVERSION = YES;
				CLANG_WARN_OBJC_ROOT_CLASS = YES_ERROR;
				CLANG_WARN_QUOTED_INCLUDE_IN_FRAMEWORK_HEADER = YES;
				CLANG_WARN_RANGE_LOOP_ANALYSIS = YES;
				CLANG_WARN_STRICT_PROTOTYPES = YES;
				CLANG_WARN_SUSPICIOUS_MOVE = YES;
				CLANG_WARN_UNGUARDED_AVAILABILITY = YES_AGGRESSIVE;
				CLANG_WARN_UNREACHABLE_CODE = YES;
				CLANG_WARN__DUPLICATE_METHOD_MATCH = YES;
				COPY_PHASE_STRIP = NO;
				DEBUG_INFORMATION_FORMAT = dwarf;
				ENABLE_STRICT_OBJC_MSGSEND = YES;
				ENABLE_TESTABILITY = YES;
				GCC_C_LANGUAGE_STANDARD = gnu11;
				GCC_DYNAMIC_NO_PIC = NO;
				GCC_NO_COMMON_BLOCKS = YES;
				GCC_OPTIMIZATION_LEVEL = 0;
				GCC_PREPROCESSOR_DEFINITIONS = (
					"$(inherited)",
					"DEBUG=1",
				);
				GCC_WARN_64_TO_32_BIT_CONVERSION = YES;
				GCC_WARN_ABOUT_RETURN_TYPE = YES_ERROR;
				GCC_WARN_UNDECLARED_SELECTOR = YES;
				GCC_WARN_UNINITIALIZED_AUTOS = YES_AGGRESSIVE;
				GCC_WARN_UNUSED_FUNCTION = YES;
				GCC_WARN_UNUSED_VARIABLE = YES;
				MTL_ENABLE_DEBUG_INFO = INCLUDE_SOURCE;
				MTL_FAST_MATH = YES;
				ONLY_ACTIVE_ARCH = YES;
				PRODUCT_NAME = "$(TARGET_NAME)";
				SDKROOT = iphoneos;
				SWIFT_ACTIVE_COMPILATION_CONDITIONS = DEBUG;
				SWIFT_OPTIMIZATION_LEVEL = "-Onone";
				SWIFT_VERSION = 5.0;
			};
			name = Debug;
		};
		ABDB9D4BD5E4CCB4974C3BB6 /* Release */ = {
			isa = XCBuildConfiguration;
			buildSettings = {
				ASSETCATALOG_COMPILER_APPICON_NAME = AppIcon;
				CODE_SIGN_IDENTITY = "iPhone Developer";
				CURRENT_PROJECT_VERSION = 1;
				DEVELOPMENT_TEAM = C3XPALB6XN;
				GENERATE_INFOPLIST_FILE = YES;
				INFOPLIST_KEY_UILaunchScreen_Generation = YES;
				IPHONEOS_DEPLOYMENT_TARGET = 16.0;
				LD_RUNPATH_SEARCH_PATHS = (
					"$(inherited)",
					"@executable_path/Frameworks",
				);
				MARKETING_VERSION = 1.0.0;
				PRODUCT_BUNDLE_IDENTIFIER = com.antigravity.CloudMicApp;
				SDKROOT = iphoneos;
				SWIFT_VERSION = 5.7;
				TARGETED_DEVICE_FAMILY = 1;
			};
			name = Release;
		};
		E01680E1D1B9AF29BA58A525 /* Release */ = {
			isa = XCBuildConfiguration;
			buildSettings = {
				ALWAYS_SEARCH_USER_PATHS = NO;
				CLANG_ANALYZER_NONNULL = YES;
				CLANG_ANALYZER_NUMBER_OBJECT_CONVERSION = YES_AGGRESSIVE;
				CLANG_CXX_LANGUAGE_STANDARD = "gnu++14";
				CLANG_CXX_LIBRARY = "libc++";
				CLANG_ENABLE_MODULES = YES;
				CLANG_ENABLE_OBJC_ARC = YES;
				CLANG_ENABLE_OBJC_WEAK = YES;
				CLANG_WARN_BLOCK_CAPTURE_AUTORELEASING = YES;
				CLANG_WARN_BOOL_CONVERSION = YES;
				CLANG_WARN_COMMA = YES;
				CLANG_WARN_CONSTANT_CONVERSION = YES;
				CLANG_WARN_DEPRECATED_OBJC_IMPLEMENTATIONS = YES;
				CLANG_WARN_DIRECT_OBJC_ISA_USAGE = YES_ERROR;
				CLANG_WARN_DOCUMENTATION_COMMENTS = YES;
				CLANG_WARN_EMPTY_BODY = YES;
				CLANG_WARN_ENUM_CONVERSION = YES;
				CLANG_WARN_INFINITE_RECURSION = YES;
				CLANG_WARN_INT_CONVERSION = YES;
				CLANG_WARN_NON_LITERAL_NULL_CONVERSION = YES;
				CLANG_WARN_OBJC_IMPLICIT_RETAIN_SELF = YES;
				CLANG_WARN_OBJC_LITERAL_CONVERSION = YES;
				CLANG_WARN_OBJC_ROOT_CLASS = YES_ERROR;
				CLANG_WARN_QUOTED_INCLUDE_IN_FRAMEWORK_HEADER = YES;
				CLANG_WARN_RANGE_LOOP_ANALYSIS = YES;
				CLANG_WARN_STRICT_PROTOTYPES = YES;
				CLANG_WARN_SUSPICIOUS_MOVE = YES;
				CLANG_WARN_UNGUARDED_AVAILABILITY = YES_AGGRESSIVE;
				CLANG_WARN_UNREACHABLE_CODE = YES;
				CLANG_WARN__DUPLICATE_METHOD_MATCH = YES;
				COPY_PHASE_STRIP = NO;
				DEBUG_INFORMATION_FORMAT = "dwarf-with-dsym";
				ENABLE_NS_ASSERTIONS = NO;
				ENABLE_STRICT_OBJC_MSGSEND = YES;
				GCC_C_LANGUAGE_STANDARD = gnu11;
				GCC_NO_COMMON_BLOCKS = YES;
				GCC_WARN_64_TO_32_BIT_CONVERSION = YES;
				GCC_WARN_ABOUT_RETURN_TYPE = YES_ERROR;
				GCC_WARN_UNDECLARED_SELECTOR = YES;
				GCC_WARN_UNINITIALIZED_AUTOS = YES_AGGRESSIVE;
				GCC_WARN_UNUSED_FUNCTION = YES;
				GCC_WARN_UNUSED_VARIABLE = YES;
				MTL_ENABLE_DEBUG_INFO = NO;
				MTL_FAST_MATH = YES;
				PRODUCT_NAME = "$(TARGET_NAME)";
				SDKROOT = iphoneos;
				SWIFT_COMPILATION_MODE = wholemodule;
				SWIFT_OPTIMIZATION_LEVEL = "-O";
				SWIFT_VERSION = 5.0;
			};
			name = Release;
		};
/* End XCBuildConfiguration section */

/* Begin XCConfigurationList section */
		6208272590D1FC1537F9C022 /* Build configuration list for PBXNativeTarget "CloudMicApp" */ = {
			isa = XCConfigurationList;
			buildConfigurations = (
				291B009CC8A19C39E6B22D33 /* Debug */,
				ABDB9D4BD5E4CCB4974C3BB6 /* Release */,
			);
			defaultConfigurationIsVisible = 0;
			defaultConfigurationName = Debug;
		};
		8118FEFD157C036CB18B35B6 /* Build configuration list for PBXProject "CloudMicApp" */ = {
			isa = XCConfigurationList;
			buildConfigurations = (
				62900F4EDE55391347527F27 /* Debug */,
				E01680E1D1B9AF29BA58A525 /* Release */,
			);
			defaultConfigurationIsVisible = 0;
			defaultConfigurationName = Debug;
		};
/* End XCConfigurationList section */
	};
	rootObject = FEFC91D644E03C342485FC6C /* Project object */;
}
